
Microsoft Visual Studio Solution File, Format Version 12.00
# Visual Studio Version 17
VisualStudioVersion = 17.3.32825.248
MinimumVisualStudioVersion = 10.0.40219.1
Project("{FAE04EC0-301F-11D3-BF4B-00C04F79EFBC}") = "Sistemas", "Sistemas.csproj", "{A2BCCAD7-37FE-4CD1-9502-3E5D37278299}"
EndProject
Global
	GlobalSection(SolutionConfigurationPlatforms) = preSolution
		Debug|Any CPU = Debug|Any CPU
		Release|Any CPU = Release|Any CPU
	EndGlobalSection
	GlobalSection(ProjectConfigurationPlatforms) = postSolution
		{A2BCCAD7-37FE-4CD1-9502-3E5D37278299}.Debug|Any CPU.ActiveCfg = Debug|Any CPU
		{A2BCCAD7-37FE-4CD1-9502-3E5D37278299}.Debug|Any CPU.Build.0 = Debug|Any CPU
		{A2BCCAD7-37FE-4CD1-9502-3E5D37278299}.Release|Any CPU.ActiveCfg = Release|Any CPU
		{A2BCCAD7-37FE-4CD1-9502-3E5D37278299}.Release|Any CPU.Build.0 = Release|Any CPU
	EndGlobalSection
	GlobalSection(SolutionProperties) = preSolution
		HideSolutionNode = FALSE
	EndGlobalSection
	GlobalSection(ExtensibilityGlobals) = postSolution
		SolutionGuid = {32973B3F-5CB0-44A6-AFEF-0BE69466322A}
	EndGlobalSection
EndGlobal
